
Microsoft Visual Studio Solution File, Format Version 12.00
# Visual Studio Version 16
VisualStudioVersion = 16.0.32901.82
MinimumVisualStudioVersion = 10.0.40219.1
Project("{9A19103F-16F7-4668-BE54-9A1E7A4F7556}") = "EmployeeHierachy.Library", "Library\Employee.Library\EmployeeHierachy.Library.csproj", "{2D365589-3D17-4F66-B38E-0CFB3F8CB612}"
EndProject
Project("{9A19103F-16F7-4668-BE54-9A1E7A4F7556}") = "EmployeeHierachy.Tests", "Tests\Employee.Tests\EmployeeHierachy.Tests.csproj", "{A3618743-323B-400C-8402-668563DD9727}"
EndProject
Global
	GlobalSection(SolutionConfigurationPlatforms) = preSolution
		Debug|Any CPU = Debug|Any CPU
		Release|Any CPU = Release|Any CPU
	EndGlobalSection
	GlobalSection(ProjectConfigurationPlatforms) = postSolution
		{2D365589-3D17-4F66-B38E-0CFB3F8CB612}.Debug|Any CPU.ActiveCfg = Debug|Any CPU
		{2D365589-3D17-4F66-B38E-0CFB3F8CB612}.Debug|Any CPU.Build.0 = Debug|Any CPU
		{2D365589-3D17-4F66-B38E-0CFB3F8CB612}.Release|Any CPU.ActiveCfg = Release|Any CPU
		{2D365589-3D17-4F66-B38E-0CFB3F8CB612}.Release|Any CPU.Build.0 = Release|Any CPU
		{A3618743-323B-400C-8402-668563DD9727}.Debug|Any CPU.ActiveCfg = Debug|Any CPU
		{A3618743-323B-400C-8402-668563DD9727}.Debug|Any CPU.Build.0 = Debug|Any CPU
		{A3618743-323B-400C-8402-668563DD9727}.Release|Any CPU.ActiveCfg = Release|Any CPU
		{A3618743-323B-400C-8402-668563DD9727}.Release|Any CPU.Build.0 = Release|Any CPU
	EndGlobalSection
	GlobalSection(SolutionProperties) = preSolution
		HideSolutionNode = FALSE
	EndGlobalSection
	GlobalSection(ExtensibilityGlobals) = postSolution
		SolutionGuid = {C22B612A-D3BD-4894-89C0-95A088D178FC}
	EndGlobalSection
EndGlobal
